{
  "nodes": {
    "nixpkgs": {
      "locked": {
        "lastModified": 1692404241,
        "narHash": "sha256-TRZlFHtrQI6Kh8RFqnjBF2uNNi/c66ldB4WuIcrwMzg=",
        "owner": "NixOS",
        "repo": "nixpkgs",
        "rev": "2f9286912cb215969ece465147badf6d07aa43fe",
        "type": "github"
      },
      "original": {
        "id": "nixpkgs",
        "type": "indirect"
      }
    },
    "root": {
      "inputs": {
        "nixpkgs": "nixpkgs"
      }
    }
  },
  "root": "root",
  "version": 7
}
