{
  "nodes": {
    "nixpkgs": {
      "locked": {
        "lastModified": 1761594641,
        "narHash": "sha256-sImk6SJQASDLQo8l+0zWWaBgg7TueLS6lTvdH5pBZpo=",
        "owner": "NixOS",
        "repo": "nixpkgs",
        "rev": "1666250dbe4141e4ca8aaf89b40a3a51c2e36144",
        "type": "github"
      },
      "original": {
        "id": "nixpkgs",
        "type": "indirect"
      }
    },
    "root": {
      "inputs": {
        "nixpkgs": "nixpkgs"
      }
    }
  },
  "root": "root",
  "version": 7
}
